
Microsoft Visual Studio Solution File, Format Version 12.00
# Visual Studio Version 17
VisualStudioVersion = 17.0.31903.59
MinimumVisualStudioVersion = 10.0.40219.1
Project("{2150E333-8FDC-42A3-9474-1A3956D46DE8}") = "src", "src", "{827E0CD3-B72D-47B6-A68D-7590B98EB39B}"
EndProject
Project("{FAE04EC0-301F-11D3-BF4B-00C04F79EFBC}") = "PoeAncientsPriceHelper.Tests", "src\PoeAncientsPriceHelper.Tests\PoeAncientsPriceHelper.Tests.csproj", "{C09DF16C-C39F-43EC-8031-A4A1F5565F9F}"
EndProject
Project("{FAE04EC0-301F-11D3-BF4B-00C04F79EFBC}") = "PoeAncientsPriceHelper.Core", "src\PoeAncientsPriceHelper.Core\PoeAncientsPriceHelper.Core.csproj", "{5D869856-0994-4E6B-B4FC-6CFBA2F4FA7E}"
EndProject
Project("{FAE04EC0-301F-11D3-BF4B-00C04F79EFBC}") = "PoeAncientsSidecar", "src\PoeAncientsSidecar\PoeAncientsSidecar.csproj", "{CD42D8C3-2781-487D-A643-1C19D766E625}"
EndProject
Project("{FAE04EC0-301F-11D3-BF4B-00C04F79EFBC}") = "PoeAncientsPriceHelper.Core.Tests", "src\PoeAncientsPriceHelper.Core.Tests\PoeAncientsPriceHelper.Core.Tests.csproj", "{AA4EDE67-963F-4FC8-8671-9D6A7F7F67E7}"
EndProject
Project("{FAE04EC0-301F-11D3-BF4B-00C04F79EFBC}") = "PoeAncientsPriceHelper.Eval", "src\PoeAncientsPriceHelper.Eval\PoeAncientsPriceHelper.Eval.csproj", "{79B4500A-64BA-425A-8F64-3C30CA10C28F}"
EndProject
Global
	GlobalSection(SolutionConfigurationPlatforms) = preSolution
		Debug|Any CPU = Debug|Any CPU
		Debug|x64 = Debug|x64
		Debug|x86 = Debug|x86
		Release|Any CPU = Release|Any CPU
		Release|x64 = Release|x64
		Release|x86 = Release|x86
	EndGlobalSection
	GlobalSection(ProjectConfigurationPlatforms) = postSolution
		{C09DF16C-C39F-43EC-8031-A4A1F5565F9F}.Debug|Any CPU.ActiveCfg = Debug|Any CPU
		{C09DF16C-C39F-43EC-8031-A4A1F5565F9F}.Debug|Any CPU.Build.0 = Debug|Any CPU
		{C09DF16C-C39F-43EC-8031-A4A1F5565F9F}.Debug|x64.ActiveCfg = Debug|Any CPU
		{C09DF16C-C39F-43EC-8031-A4A1F5565F9F}.Debug|x64.Build.0 = Debug|Any CPU
		{C09DF16C-C39F-43EC-8031-A4A1F5565F9F}.Debug|x86.ActiveCfg = Debug|Any CPU
		{C09DF16C-C39F-43EC-8031-A4A1F5565F9F}.Debug|x86.Build.0 = Debug|Any CPU
		{C09DF16C-C39F-43EC-8031-A4A1F5565F9F}.Release|Any CPU.ActiveCfg = Release|Any CPU
		{C09DF16C-C39F-43EC-8031-A4A1F5565F9F}.Release|Any CPU.Build.0 = Release|Any CPU
		{C09DF16C-C39F-43EC-8031-A4A1F5565F9F}.Release|x64.ActiveCfg = Release|Any CPU
		{C09DF16C-C39F-43EC-8031-A4A1F5565F9F}.Release|x64.Build.0 = Release|Any CPU
		{C09DF16C-C39F-43EC-8031-A4A1F5565F9F}.Release|x86.ActiveCfg = Release|Any CPU
		{C09DF16C-C39F-43EC-8031-A4A1F5565F9F}.Release|x86.Build.0 = Release|Any CPU
		{5D869856-0994-4E6B-B4FC-6CFBA2F4FA7E}.Debug|Any CPU.ActiveCfg = Debug|Any CPU
		{5D869856-0994-4E6B-B4FC-6CFBA2F4FA7E}.Debug|Any CPU.Build.0 = Debug|Any CPU
		{5D869856-0994-4E6B-B4FC-6CFBA2F4FA7E}.Debug|x64.ActiveCfg = Debug|Any CPU
		{5D869856-0994-4E6B-B4FC-6CFBA2F4FA7E}.Debug|x64.Build.0 = Debug|Any CPU
		{5D869856-0994-4E6B-B4FC-6CFBA2F4FA7E}.Debug|x86.ActiveCfg = Debug|Any CPU
		{5D869856-0994-4E6B-B4FC-6CFBA2F4FA7E}.Debug|x86.Build.0 = Debug|Any CPU
		{5D869856-0994-4E6B-B4FC-6CFBA2F4FA7E}.Release|Any CPU.ActiveCfg = Release|Any CPU
		{5D869856-0994-4E6B-B4FC-6CFBA2F4FA7E}.Release|Any CPU.Build.0 = Release|Any CPU
		{5D869856-0994-4E6B-B4FC-6CFBA2F4FA7E}.Release|x64.ActiveCfg = Release|Any CPU
		{5D869856-0994-4E6B-B4FC-6CFBA2F4FA7E}.Release|x64.Build.0 = Release|Any CPU
		{5D869856-0994-4E6B-B4FC-6CFBA2F4FA7E}.Release|x86.ActiveCfg = Release|Any CPU
		{5D869856-0994-4E6B-B4FC-6CFBA2F4FA7E}.Release|x86.Build.0 = Release|Any CPU
		{CD42D8C3-2781-487D-A643-1C19D766E625}.Debug|Any CPU.ActiveCfg = Debug|Any CPU
		{CD42D8C3-2781-487D-A643-1C19D766E625}.Debug|Any CPU.Build.0 = Debug|Any CPU
		{CD42D8C3-2781-487D-A643-1C19D766E625}.Debug|x64.ActiveCfg = Debug|Any CPU
		{CD42D8C3-2781-487D-A643-1C19D766E625}.Debug|x64.Build.0 = Debug|Any CPU
		{CD42D8C3-2781-487D-A643-1C19D766E625}.Debug|x86.ActiveCfg = Debug|Any CPU
		{CD42D8C3-2781-487D-A643-1C19D766E625}.Debug|x86.Build.0 = Debug|Any CPU
		{CD42D8C3-2781-487D-A643-1C19D766E625}.Release|Any CPU.ActiveCfg = Release|Any CPU
		{CD42D8C3-2781-487D-A643-1C19D766E625}.Release|Any CPU.Build.0 = Release|Any CPU
		{CD42D8C3-2781-487D-A643-1C19D766E625}.Release|x64.ActiveCfg = Release|Any CPU
		{CD42D8C3-2781-487D-A643-1C19D766E625}.Release|x64.Build.0 = Release|Any CPU
		{CD42D8C3-2781-487D-A643-1C19D766E625}.Release|x86.ActiveCfg = Release|Any CPU
		{CD42D8C3-2781-487D-A643-1C19D766E625}.Release|x86.Build.0 = Release|Any CPU
		{AA4EDE67-963F-4FC8-8671-9D6A7F7F67E7}.Debug|Any CPU.ActiveCfg = Debug|Any CPU
		{AA4EDE67-963F-4FC8-8671-9D6A7F7F67E7}.Debug|Any CPU.Build.0 = Debug|Any CPU
		{AA4EDE67-963F-4FC8-8671-9D6A7F7F67E7}.Debug|x64.ActiveCfg = Debug|Any CPU
		{AA4EDE67-963F-4FC8-8671-9D6A7F7F67E7}.Debug|x64.Build.0 = Debug|Any CPU
		{AA4EDE67-963F-4FC8-8671-9D6A7F7F67E7}.Debug|x86.ActiveCfg = Debug|Any CPU
		{AA4EDE67-963F-4FC8-8671-9D6A7F7F67E7}.Debug|x86.Build.0 = Debug|Any CPU
		{AA4EDE67-963F-4FC8-8671-9D6A7F7F67E7}.Release|Any CPU.ActiveCfg = Release|Any CPU
		{AA4EDE67-963F-4FC8-8671-9D6A7F7F67E7}.Release|Any CPU.Build.0 = Release|Any CPU
		{AA4EDE67-963F-4FC8-8671-9D6A7F7F67E7}.Release|x64.ActiveCfg = Release|Any CPU
		{AA4EDE67-963F-4FC8-8671-9D6A7F7F67E7}.Release|x64.Build.0 = Release|Any CPU
		{AA4EDE67-963F-4FC8-8671-9D6A7F7F67E7}.Release|x86.ActiveCfg = Release|Any CPU
		{AA4EDE67-963F-4FC8-8671-9D6A7F7F67E7}.Release|x86.Build.0 = Release|Any CPU
		{79B4500A-64BA-425A-8F64-3C30CA10C28F}.Debug|Any CPU.ActiveCfg = Debug|Any CPU
		{79B4500A-64BA-425A-8F64-3C30CA10C28F}.Debug|Any CPU.Build.0 = Debug|Any CPU
		{79B4500A-64BA-425A-8F64-3C30CA10C28F}.Debug|x64.ActiveCfg = Debug|Any CPU
		{79B4500A-64BA-425A-8F64-3C30CA10C28F}.Debug|x64.Build.0 = Debug|Any CPU
		{79B4500A-64BA-425A-8F64-3C30CA10C28F}.Debug|x86.ActiveCfg = Debug|Any CPU
		{79B4500A-64BA-425A-8F64-3C30CA10C28F}.Debug|x86.Build.0 = Debug|Any CPU
		{79B4500A-64BA-425A-8F64-3C30CA10C28F}.Release|Any CPU.ActiveCfg = Release|Any CPU
		{79B4500A-64BA-425A-8F64-3C30CA10C28F}.Release|Any CPU.Build.0 = Release|Any CPU
		{79B4500A-64BA-425A-8F64-3C30CA10C28F}.Release|x64.ActiveCfg = Release|Any CPU
		{79B4500A-64BA-425A-8F64-3C30CA10C28F}.Release|x64.Build.0 = Release|Any CPU
		{79B4500A-64BA-425A-8F64-3C30CA10C28F}.Release|x86.ActiveCfg = Release|Any CPU
		{79B4500A-64BA-425A-8F64-3C30CA10C28F}.Release|x86.Build.0 = Release|Any CPU
	EndGlobalSection
	GlobalSection(SolutionProperties) = preSolution
		HideSolutionNode = FALSE
	EndGlobalSection
	GlobalSection(NestedProjects) = preSolution
		{C09DF16C-C39F-43EC-8031-A4A1F5565F9F} = {827E0CD3-B72D-47B6-A68D-7590B98EB39B}
		{5D869856-0994-4E6B-B4FC-6CFBA2F4FA7E} = {827E0CD3-B72D-47B6-A68D-7590B98EB39B}
		{CD42D8C3-2781-487D-A643-1C19D766E625} = {827E0CD3-B72D-47B6-A68D-7590B98EB39B}
		{AA4EDE67-963F-4FC8-8671-9D6A7F7F67E7} = {827E0CD3-B72D-47B6-A68D-7590B98EB39B}
		{79B4500A-64BA-425A-8F64-3C30CA10C28F} = {827E0CD3-B72D-47B6-A68D-7590B98EB39B}
	EndGlobalSection
EndGlobal
